
Microsoft Visual Studio Solution File, Format Version 12.00
# Visual Studio Version 17
VisualStudioVersion = 17.14.37203.1 d17.14
MinimumVisualStudioVersion = 10.0.40219.1
Project("{FAE04EC0-301F-11D3-BF4B-00C04F79EFBC}") = "LandRentManagementApp", "LandRentManagementApp.csproj", "{155DF87A-DC26-431B-93FF-C1AA8F1783FC}"
EndProject
Global
	GlobalSection(SolutionConfigurationPlatforms) = preSolution
		Debug|Any CPU = Debug|Any CPU
		Release|Any CPU = Release|Any CPU
	EndGlobalSection
	GlobalSection(ProjectConfigurationPlatforms) = postSolution
		{155DF87A-DC26-431B-93FF-C1AA8F1783FC}.Debug|Any CPU.ActiveCfg = Debug|Any CPU
		{155DF87A-DC26-431B-93FF-C1AA8F1783FC}.Debug|Any CPU.Build.0 = Debug|Any CPU
		{155DF87A-DC26-431B-93FF-C1AA8F1783FC}.Release|Any CPU.ActiveCfg = Release|Any CPU
		{155DF87A-DC26-431B-93FF-C1AA8F1783FC}.Release|Any CPU.Build.0 = Release|Any CPU
	EndGlobalSection
	GlobalSection(SolutionProperties) = preSolution
		HideSolutionNode = FALSE
	EndGlobalSection
	GlobalSection(ExtensibilityGlobals) = postSolution
		SolutionGuid = {39568962-EFFF-414B-9696-8B41A6C52F15}
	EndGlobalSection
EndGlobal
